# THIS IS AN AUTOGENERATED FILE. DO NOT EDIT THIS FILE DIRECTLY.
# yarn lockfile v1


classnames@^2.2.6:
  version "2.2.6"
  resolved "https://registry.yarnpkg.com/classnames/-/classnames-2.2.6.tgz#43935bffdd291f326dad0a205309b38d00f650ce"
  integrity sha512-JR/iSQOSt+LQIWwrwEzJ9uk0xfN3mTVYMwt1Ir5mUcSN6pU+V4zQFFaJsclJbPuAUQH+yfWef6tm7l1quW3C8Q==

vanilla-masker@^1.2.0:
  version "1.2.0"
  resolved "https://registry.yarnpkg.com/vanilla-masker/-/vanilla-masker-1.2.0.tgz#c2830e9d994a5fecd2261506477c2707fe589756"
  integrity sha1-woMOnZlKX+zSJhUGR3wnB/5Yl1Y=
